
Microsoft Visual Studio Solution File, Format Version 12.00
# Visual Studio 15
VisualStudioVersion = 15.0.28307.572
MinimumVisualStudioVersion = 10.0.40219.1
Project("{8BC9CEB8-8B4A-11D0-8D11-00A0C91BC942}") = "APSO", "APSO\APSO.vcxproj", "{E78B60E9-8FC6-42FC-9C65-E71BCAB9B8E8}"
EndProject
Project("{8BC9CEB8-8B4A-11D0-8D11-00A0C91BC942}") = "PSO", "PSO\PSO.vcxproj", "{0209A172-E090-4A57-9DEA-0D499DAA91F3}"
EndProject
Project("{8BC9CEB8-8B4A-11D0-8D11-00A0C91BC942}") = "DE", "DE\DE.vcxproj", "{22840EB7-8241-4D08-AE93-94EE74417644}"
EndProject
Project("{8BC9CEB8-8B4A-11D0-8D11-00A0C91BC942}") = "LFA", "LFA\LFA.vcxproj", "{04BB3DD1-F0A6-4F53-806C-B1B32AAC4290}"
EndProject
Project("{8BC9CEB8-8B4A-11D0-8D11-00A0C91BC942}") = "GPU_APSO", "GPU_APSO\GPU_APSO.vcxproj", "{8D005A2D-F445-42C3-A5E3-E97F1C4E6421}"
EndProject
Project("{8BC9CEB8-8B4A-11D0-8D11-00A0C91BC942}") = "GPU_DE", "GPU_DE\GPU_DE.vcxproj", "{7DE3DAFD-8741-4F2B-8BA2-2A64DA7BF97C}"
EndProject
Project("{8BC9CEB8-8B4A-11D0-8D11-00A0C91BC942}") = "GPU_LFA", "GPU_LFA\GPU_LFA.vcxproj", "{269E94C5-3A58-4CCB-B701-B4771021429E}"
EndProject
Global
	GlobalSection(SolutionConfigurationPlatforms) = preSolution
		Debug|x64 = Debug|x64
		Debug|x86 = Debug|x86
		Release|x64 = Release|x64
		Release|x86 = Release|x86
	EndGlobalSection
	GlobalSection(ProjectConfigurationPlatforms) = postSolution
		{E78B60E9-8FC6-42FC-9C65-E71BCAB9B8E8}.Debug|x64.ActiveCfg = Debug|x64
		{E78B60E9-8FC6-42FC-9C65-E71BCAB9B8E8}.Debug|x64.Build.0 = Debug|x64
		{E78B60E9-8FC6-42FC-9C65-E71BCAB9B8E8}.Debug|x86.ActiveCfg = Debug|Win32
		{E78B60E9-8FC6-42FC-9C65-E71BCAB9B8E8}.Debug|x86.Build.0 = Debug|Win32
		{E78B60E9-8FC6-42FC-9C65-E71BCAB9B8E8}.Release|x64.ActiveCfg = Release|x64
		{E78B60E9-8FC6-42FC-9C65-E71BCAB9B8E8}.Release|x64.Build.0 = Release|x64
		{E78B60E9-8FC6-42FC-9C65-E71BCAB9B8E8}.Release|x86.ActiveCfg = Release|Win32
		{E78B60E9-8FC6-42FC-9C65-E71BCAB9B8E8}.Release|x86.Build.0 = Release|Win32
		{0209A172-E090-4A57-9DEA-0D499DAA91F3}.Debug|x64.ActiveCfg = Debug|x64
		{0209A172-E090-4A57-9DEA-0D499DAA91F3}.Debug|x64.Build.0 = Debug|x64
		{0209A172-E090-4A57-9DEA-0D499DAA91F3}.Debug|x86.ActiveCfg = Debug|Win32
		{0209A172-E090-4A57-9DEA-0D499DAA91F3}.Debug|x86.Build.0 = Debug|Win32
		{0209A172-E090-4A57-9DEA-0D499DAA91F3}.Release|x64.ActiveCfg = Release|x64
		{0209A172-E090-4A57-9DEA-0D499DAA91F3}.Release|x64.Build.0 = Release|x64
		{0209A172-E090-4A57-9DEA-0D499DAA91F3}.Release|x86.ActiveCfg = Release|Win32
		{0209A172-E090-4A57-9DEA-0D499DAA91F3}.Release|x86.Build.0 = Release|Win32
		{22840EB7-8241-4D08-AE93-94EE74417644}.Debug|x64.ActiveCfg = Debug|x64
		{22840EB7-8241-4D08-AE93-94EE74417644}.Debug|x64.Build.0 = Debug|x64
		{22840EB7-8241-4D08-AE93-94EE74417644}.Debug|x86.ActiveCfg = Debug|Win32
		{22840EB7-8241-4D08-AE93-94EE74417644}.Debug|x86.Build.0 = Debug|Win32
		{22840EB7-8241-4D08-AE93-94EE74417644}.Release|x64.ActiveCfg = Release|x64
		{22840EB7-8241-4D08-AE93-94EE74417644}.Release|x64.Build.0 = Release|x64
		{22840EB7-8241-4D08-AE93-94EE74417644}.Release|x86.ActiveCfg = Release|Win32
		{22840EB7-8241-4D08-AE93-94EE74417644}.Release|x86.Build.0 = Release|Win32
		{04BB3DD1-F0A6-4F53-806C-B1B32AAC4290}.Debug|x64.ActiveCfg = Debug|x64
		{04BB3DD1-F0A6-4F53-806C-B1B32AAC4290}.Debug|x64.Build.0 = Debug|x64
		{04BB3DD1-F0A6-4F53-806C-B1B32AAC4290}.Debug|x86.ActiveCfg = Debug|Win32
		{04BB3DD1-F0A6-4F53-806C-B1B32AAC4290}.Debug|x86.Build.0 = Debug|Win32
		{04BB3DD1-F0A6-4F53-806C-B1B32AAC4290}.Release|x64.ActiveCfg = Release|x64
		{04BB3DD1-F0A6-4F53-806C-B1B32AAC4290}.Release|x64.Build.0 = Release|x64
		{04BB3DD1-F0A6-4F53-806C-B1B32AAC4290}.Release|x86.ActiveCfg = Release|Win32
		{04BB3DD1-F0A6-4F53-806C-B1B32AAC4290}.Release|x86.Build.0 = Release|Win32
		{8D005A2D-F445-42C3-A5E3-E97F1C4E6421}.Debug|x64.ActiveCfg = Debug|x64
		{8D005A2D-F445-42C3-A5E3-E97F1C4E6421}.Debug|x64.Build.0 = Debug|x64
		{8D005A2D-F445-42C3-A5E3-E97F1C4E6421}.Debug|x86.ActiveCfg = Debug|x64
		{8D005A2D-F445-42C3-A5E3-E97F1C4E6421}.Release|x64.ActiveCfg = Release|x64
		{8D005A2D-F445-42C3-A5E3-E97F1C4E6421}.Release|x64.Build.0 = Release|x64
		{8D005A2D-F445-42C3-A5E3-E97F1C4E6421}.Release|x86.ActiveCfg = Release|x64
		{7DE3DAFD-8741-4F2B-8BA2-2A64DA7BF97C}.Debug|x64.ActiveCfg = Debug|x64
		{7DE3DAFD-8741-4F2B-8BA2-2A64DA7BF97C}.Debug|x64.Build.0 = Debug|x64
		{7DE3DAFD-8741-4F2B-8BA2-2A64DA7BF97C}.Debug|x86.ActiveCfg = Debug|x64
		{7DE3DAFD-8741-4F2B-8BA2-2A64DA7BF97C}.Release|x64.ActiveCfg = Release|x64
		{7DE3DAFD-8741-4F2B-8BA2-2A64DA7BF97C}.Release|x64.Build.0 = Release|x64
		{7DE3DAFD-8741-4F2B-8BA2-2A64DA7BF97C}.Release|x86.ActiveCfg = Release|x64
		{269E94C5-3A58-4CCB-B701-B4771021429E}.Debug|x64.ActiveCfg = Debug|x64
		{269E94C5-3A58-4CCB-B701-B4771021429E}.Debug|x64.Build.0 = Debug|x64
		{269E94C5-3A58-4CCB-B701-B4771021429E}.Debug|x86.ActiveCfg = Debug|x64
		{269E94C5-3A58-4CCB-B701-B4771021429E}.Release|x64.ActiveCfg = Release|x64
		{269E94C5-3A58-4CCB-B701-B4771021429E}.Release|x64.Build.0 = Release|x64
		{269E94C5-3A58-4CCB-B701-B4771021429E}.Release|x86.ActiveCfg = Release|x64
	EndGlobalSection
	GlobalSection(SolutionProperties) = preSolution
		HideSolutionNode = FALSE
	EndGlobalSection
	GlobalSection(ExtensibilityGlobals) = postSolution
		SolutionGuid = {24D45F8A-A5CB-4F70-B81F-4BFC0773FEC1}
	EndGlobalSection
EndGlobal
